
Microsoft Visual Studio Solution File, Format Version 12.00
# Visual Studio 15
VisualStudioVersion = 15.0.26430.6
MinimumVisualStudioVersion = 10.0.40219.1
Project("{FAE04EC0-301F-11D3-BF4B-00C04F79EFBC}") = "Store", "Store\Store.csproj", "{8B8F1E74-7769-47F7-B81A-D179089CC04C}"
EndProject
Project("{FAE04EC0-301F-11D3-BF4B-00C04F79EFBC}") = "Store.Domain", "Store.Domain\Store.Domain.csproj", "{C819835F-7A30-4FD5-BCEE-C36D6D162739}"
EndProject
Global
	GlobalSection(SolutionConfigurationPlatforms) = preSolution
		Debug|Any CPU = Debug|Any CPU
		Release|Any CPU = Release|Any CPU
	EndGlobalSection
	GlobalSection(ProjectConfigurationPlatforms) = postSolution
		{8B8F1E74-7769-47F7-B81A-D179089CC04C}.Debug|Any CPU.ActiveCfg = Debug|Any CPU
		{8B8F1E74-7769-47F7-B81A-D179089CC04C}.Debug|Any CPU.Build.0 = Debug|Any CPU
		{8B8F1E74-7769-47F7-B81A-D179089CC04C}.Release|Any CPU.ActiveCfg = Release|Any CPU
		{8B8F1E74-7769-47F7-B81A-D179089CC04C}.Release|Any CPU.Build.0 = Release|Any CPU
		{C819835F-7A30-4FD5-BCEE-C36D6D162739}.Debug|Any CPU.ActiveCfg = Debug|Any CPU
		{C819835F-7A30-4FD5-BCEE-C36D6D162739}.Debug|Any CPU.Build.0 = Debug|Any CPU
		{C819835F-7A30-4FD5-BCEE-C36D6D162739}.Release|Any CPU.ActiveCfg = Release|Any CPU
		{C819835F-7A30-4FD5-BCEE-C36D6D162739}.Release|Any CPU.Build.0 = Release|Any CPU
	EndGlobalSection
	GlobalSection(SolutionProperties) = preSolution
		HideSolutionNode = FALSE
	EndGlobalSection
EndGlobal
